
Microsoft Visual Studio Solution File, Format Version 12.00
# Visual Studio Version 16
VisualStudioVersion = 16.0.31205.134
MinimumVisualStudioVersion = 10.0.40219.1
Project("{FAE04EC0-301F-11D3-BF4B-00C04F79EFBC}") = "DiceCompare", "DiceCompare\DiceCompare.csproj", "{9338D741-6D68-4078-B4AD-BF311D15BB49}"
EndProject
Global
	GlobalSection(SolutionConfigurationPlatforms) = preSolution
		Debug|Any CPU = Debug|Any CPU
		Release|Any CPU = Release|Any CPU
	EndGlobalSection
	GlobalSection(ProjectConfigurationPlatforms) = postSolution
		{9338D741-6D68-4078-B4AD-BF311D15BB49}.Debug|Any CPU.ActiveCfg = Debug|Any CPU
		{9338D741-6D68-4078-B4AD-BF311D15BB49}.Debug|Any CPU.Build.0 = Debug|Any CPU
		{9338D741-6D68-4078-B4AD-BF311D15BB49}.Release|Any CPU.ActiveCfg = Release|Any CPU
		{9338D741-6D68-4078-B4AD-BF311D15BB49}.Release|Any CPU.Build.0 = Release|Any CPU
	EndGlobalSection
	GlobalSection(SolutionProperties) = preSolution
		HideSolutionNode = FALSE
	EndGlobalSection
	GlobalSection(ExtensibilityGlobals) = postSolution
		SolutionGuid = {9A8A6105-AD27-45F2-BCE5-6DB9D2876797}
	EndGlobalSection
EndGlobal
